<Solution>
  <Configurations>
    <Platform Name="Any CPU" />
    <Platform Name="arm64" />
    <Platform Name="x86" />
  </Configurations>
  <Folder Name="/Solution Items/">
    <File Path=".editorconfig" />
  </Folder>
  <Folder Name="/src/">
    <Project Path="src/QuickClassMap.Core/QuickClassMap.Core.csproj" />
    <Project Path="src/QuickClassMap.VS/QuickClassMap.VS.csproj">
      <Deploy />
    </Project>
  </Folder>
  <Folder Name="/tests/">
    <Project Path="tests/QuickClassMap.Tests/QuickClassMap.Tests.csproj" />
  </Folder>
</Solution>
