
Microsoft Visual Studio Solution File, Format Version 12.00
# Visual Studio Version 18
VisualStudioVersion = 18.9.12120.119
MinimumVisualStudioVersion = 10.0.40219.1
Project("{FAE04EC0-301F-11D3-BF4B-00C04F79EFBC}") = "QuickClassMap.Core", "QuickClassMap.Core\QuickClassMap.Core.csproj", "{7F842724-9D00-4330-B70E-9D527A1117CF}"
EndProject
Project("{FAE04EC0-301F-11D3-BF4B-00C04F79EFBC}") = "QuickClassMap.VS", "QuickClassMap.VS\QuickClassMap.VS.csproj", "{0CDAFD6C-F1C7-45C5-BCD2-E7ABA5AA9624}"
EndProject
Project("{2150E333-8FDC-42A3-9474-1A3956D46DE8}") = "Solution Items", "Solution Items", "{BF29B62A-8568-4E8C-909F-FE19B46A9011}"
	ProjectSection(SolutionItems) = preProject
		.editorconfig = .editorconfig
	EndProjectSection
EndProject
Global
	GlobalSection(SolutionConfigurationPlatforms) = preSolution
		Debug|Any CPU = Debug|Any CPU
		Debug|arm64 = Debug|arm64
		Debug|x86 = Debug|x86
		Release|Any CPU = Release|Any CPU
		Release|arm64 = Release|arm64
		Release|x86 = Release|x86
	EndGlobalSection
	GlobalSection(ProjectConfigurationPlatforms) = postSolution
		{7F842724-9D00-4330-B70E-9D527A1117CF}.Debug|Any CPU.ActiveCfg = Debug|Any CPU
		{7F842724-9D00-4330-B70E-9D527A1117CF}.Debug|Any CPU.Build.0 = Debug|Any CPU
		{7F842724-9D00-4330-B70E-9D527A1117CF}.Debug|arm64.ActiveCfg = Debug|Any CPU
		{7F842724-9D00-4330-B70E-9D527A1117CF}.Debug|arm64.Build.0 = Debug|Any CPU
		{7F842724-9D00-4330-B70E-9D527A1117CF}.Debug|x86.ActiveCfg = Debug|Any CPU
		{7F842724-9D00-4330-B70E-9D527A1117CF}.Debug|x86.Build.0 = Debug|Any CPU
		{7F842724-9D00-4330-B70E-9D527A1117CF}.Release|Any CPU.ActiveCfg = Release|Any CPU
		{7F842724-9D00-4330-B70E-9D527A1117CF}.Release|Any CPU.Build.0 = Release|Any CPU
		{7F842724-9D00-4330-B70E-9D527A1117CF}.Release|arm64.ActiveCfg = Release|Any CPU
		{7F842724-9D00-4330-B70E-9D527A1117CF}.Release|arm64.Build.0 = Release|Any CPU
		{7F842724-9D00-4330-B70E-9D527A1117CF}.Release|x86.ActiveCfg = Release|Any CPU
		{7F842724-9D00-4330-B70E-9D527A1117CF}.Release|x86.Build.0 = Release|Any CPU
		{0CDAFD6C-F1C7-45C5-BCD2-E7ABA5AA9624}.Debug|Any CPU.ActiveCfg = Debug|Any CPU
		{0CDAFD6C-F1C7-45C5-BCD2-E7ABA5AA9624}.Debug|Any CPU.Build.0 = Debug|Any CPU
		{0CDAFD6C-F1C7-45C5-BCD2-E7ABA5AA9624}.Debug|Any CPU.Deploy.0 = Debug|Any CPU
		{0CDAFD6C-F1C7-45C5-BCD2-E7ABA5AA9624}.Debug|arm64.ActiveCfg = Debug|Any CPU
		{0CDAFD6C-F1C7-45C5-BCD2-E7ABA5AA9624}.Debug|arm64.Build.0 = Debug|Any CPU
		{0CDAFD6C-F1C7-45C5-BCD2-E7ABA5AA9624}.Debug|arm64.Deploy.0 = Debug|Any CPU
		{0CDAFD6C-F1C7-45C5-BCD2-E7ABA5AA9624}.Debug|x86.ActiveCfg = Debug|Any CPU
		{0CDAFD6C-F1C7-45C5-BCD2-E7ABA5AA9624}.Debug|x86.Build.0 = Debug|Any CPU
		{0CDAFD6C-F1C7-45C5-BCD2-E7ABA5AA9624}.Debug|x86.Deploy.0 = Debug|Any CPU
		{0CDAFD6C-F1C7-45C5-BCD2-E7ABA5AA9624}.Release|Any CPU.ActiveCfg = Release|Any CPU
		{0CDAFD6C-F1C7-45C5-BCD2-E7ABA5AA9624}.Release|Any CPU.Build.0 = Release|Any CPU
		{0CDAFD6C-F1C7-45C5-BCD2-E7ABA5AA9624}.Release|Any CPU.Deploy.0 = Release|Any CPU
		{0CDAFD6C-F1C7-45C5-BCD2-E7ABA5AA9624}.Release|arm64.ActiveCfg = Release|Any CPU
		{0CDAFD6C-F1C7-45C5-BCD2-E7ABA5AA9624}.Release|arm64.Build.0 = Release|Any CPU
		{0CDAFD6C-F1C7-45C5-BCD2-E7ABA5AA9624}.Release|arm64.Deploy.0 = Release|Any CPU
		{0CDAFD6C-F1C7-45C5-BCD2-E7ABA5AA9624}.Release|x86.ActiveCfg = Release|Any CPU
		{0CDAFD6C-F1C7-45C5-BCD2-E7ABA5AA9624}.Release|x86.Build.0 = Release|Any CPU
		{0CDAFD6C-F1C7-45C5-BCD2-E7ABA5AA9624}.Release|x86.Deploy.0 = Release|Any CPU
	EndGlobalSection
	GlobalSection(SolutionProperties) = preSolution
		HideSolutionNode = FALSE
	EndGlobalSection
	GlobalSection(ExtensibilityGlobals) = postSolution
		SolutionGuid = {EE6517C9-06FA-408F-A44E-A61ACBEA43CB}
	EndGlobalSection
EndGlobal
